
Microsoft Visual Studio Solution File, Format Version 12.00
# Visual Studio Version 17
VisualStudioVersion = 17.9.34728.123
MinimumVisualStudioVersion = 10.0.40219.1
Project("{FAE04EC0-301F-11D3-BF4B-00C04F79EFBC}") = "Ahmed_Alkurdi.XRS", "Ahmed_Alkurdi.XRS\Ahmed_Alkurdi.XRS.csproj", "{8733BE2E-68A2-4C90-8220-00BA265EEF62}"
EndProject
Project("{FAE04EC0-301F-11D3-BF4B-00C04F79EFBC}") = "XRS_Data", "XRS_Data\XRS_Data.csproj", "{65FC1511-215B-42EA-8269-6A5187A499C6}"
EndProject
Project("{FAE04EC0-301F-11D3-BF4B-00C04F79EFBC}") = "XRS_Domain", "XRS_Domain\XRS_Domain.csproj", "{C91B0689-D07F-4603-9F54-FDCFCCD8515A}"
EndProject
Project("{FAE04EC0-301F-11D3-BF4B-00C04F79EFBC}") = "XRS_Manegment", "XRS_Manegment\XRS_Manegment.csproj", "{61842CF3-ACAA-4E08-873E-32FB7F556F9C}"
EndProject
Global
	GlobalSection(SolutionConfigurationPlatforms) = preSolution
		Debug|Any CPU = Debug|Any CPU
		Release|Any CPU = Release|Any CPU
	EndGlobalSection
	GlobalSection(ProjectConfigurationPlatforms) = postSolution
		{8733BE2E-68A2-4C90-8220-00BA265EEF62}.Debug|Any CPU.ActiveCfg = Debug|Any CPU
		{8733BE2E-68A2-4C90-8220-00BA265EEF62}.Debug|Any CPU.Build.0 = Debug|Any CPU
		{8733BE2E-68A2-4C90-8220-00BA265EEF62}.Release|Any CPU.ActiveCfg = Release|Any CPU
		{8733BE2E-68A2-4C90-8220-00BA265EEF62}.Release|Any CPU.Build.0 = Release|Any CPU
		{65FC1511-215B-42EA-8269-6A5187A499C6}.Debug|Any CPU.ActiveCfg = Debug|Any CPU
		{65FC1511-215B-42EA-8269-6A5187A499C6}.Debug|Any CPU.Build.0 = Debug|Any CPU
		{65FC1511-215B-42EA-8269-6A5187A499C6}.Release|Any CPU.ActiveCfg = Release|Any CPU
		{65FC1511-215B-42EA-8269-6A5187A499C6}.Release|Any CPU.Build.0 = Release|Any CPU
		{C91B0689-D07F-4603-9F54-FDCFCCD8515A}.Debug|Any CPU.ActiveCfg = Debug|Any CPU
		{C91B0689-D07F-4603-9F54-FDCFCCD8515A}.Debug|Any CPU.Build.0 = Debug|Any CPU
		{C91B0689-D07F-4603-9F54-FDCFCCD8515A}.Release|Any CPU.ActiveCfg = Release|Any CPU
		{C91B0689-D07F-4603-9F54-FDCFCCD8515A}.Release|Any CPU.Build.0 = Release|Any CPU
		{61842CF3-ACAA-4E08-873E-32FB7F556F9C}.Debug|Any CPU.ActiveCfg = Debug|Any CPU
		{61842CF3-ACAA-4E08-873E-32FB7F556F9C}.Debug|Any CPU.Build.0 = Debug|Any CPU
		{61842CF3-ACAA-4E08-873E-32FB7F556F9C}.Release|Any CPU.ActiveCfg = Release|Any CPU
		{61842CF3-ACAA-4E08-873E-32FB7F556F9C}.Release|Any CPU.Build.0 = Release|Any CPU
	EndGlobalSection
	GlobalSection(SolutionProperties) = preSolution
		HideSolutionNode = FALSE
	EndGlobalSection
	GlobalSection(ExtensibilityGlobals) = postSolution
		SolutionGuid = {B7BA12C2-EBEB-41BA-948A-23B7811BF0E6}
	EndGlobalSection
EndGlobal
